{
  "originHash" : "a46de84d24c3ab0d7efcd6ad141ea2037496fb80d7a5aed4903a8f70fa8f3316",
  "pins" : [
    {
      "identity" : "fluidaudio",
      "kind" : "remoteSourceControl",
      "location" : "https://github.com/FluidInference/FluidAudio.git",
      "state" : {
        "revision" : "ce59fb14b8b8978b196f6a34282e20ea6762d164",
        "version" : "0.14.5"
      }
    }
  ],
  "version" : 3
}
