{
  "originHash" : "facda40d2bce03e3fac897e3d4fa0e2e54777c578a1e6c478a7e56b07fe6533d",
  "pins" : [
    {
      "identity" : "fluidaudio",
      "kind" : "remoteSourceControl",
      "location" : "https://github.com/FluidInference/FluidAudio.git",
      "state" : {
        "revision" : "8048812869b0c7c6fa393e564a4fb6f95126ba23",
        "version" : "0.14.7"
      }
    }
  ],
  "version" : 3
}
