// !$*UTF8*$!
{
	archiveVersion = 1;
	classes = {
	};
	objectVersion = 56;
	objects = {

/* Begin PBXBuildFile section */
		83AAA001 /* AppDelegate.swift in Sources */ = {isa = PBXBuildFile; fileRef = 83AAA011 /* AppDelegate.swift */; };
		83AAA002 /* MenuBarController.swift in Sources */ = {isa = PBXBuildFile; fileRef = 83AAA012 /* MenuBarController.swift */; };
		83AAA003 /* Settings.swift in Sources */ = {isa = PBXBuildFile; fileRef = 83AAA013 /* Settings.swift */; };
		83AAA004 /* main.swift in Sources */ = {isa = PBXBuildFile; fileRef = 83AAA017 /* main.swift */; };
		83AAA005 /* Utils.swift in Sources */ = {isa = PBXBuildFile; fileRef = 83AAA018 /* Utils.swift */; };
		83AAA006 /* HotkeyPanel.swift in Sources */ = {isa = PBXBuildFile; fileRef = 83AAA019 /* HotkeyPanel.swift */; };
		83AAA007 /* ConfirmPanel.swift in Sources */ = {isa = PBXBuildFile; fileRef = 83AAA01A /* ConfirmPanel.swift */; };
		83AAA008 /* AudioRecorder.swift in Sources */ = {isa = PBXBuildFile; fileRef = 83AAA01B /* AudioRecorder.swift */; };
		83AAA009 /* HotkeyManager.swift in Sources */ = {isa = PBXBuildFile; fileRef = 83AAA01C /* HotkeyManager.swift */; };
		83AAA00A /* TextInjector.swift in Sources */ = {isa = PBXBuildFile; fileRef = 83AAA01D /* TextInjector.swift */; };
		83AAA00B /* TranscriptionEngine.swift in Sources */ = {isa = PBXBuildFile; fileRef = 83AAA01E /* TranscriptionEngine.swift */; };
		83AAA00C /* OnboardingPanel.swift in Sources */ = {isa = PBXBuildFile; fileRef = 83AAA01F /* OnboardingPanel.swift */; };
		83AAA00D /* ListeningPanel.swift in Sources */ = {isa = PBXBuildFile; fileRef = 83AAA070 /* ListeningPanel.swift */; };
		83AAA00E /* AudioWaveView.swift in Sources */ = {isa = PBXBuildFile; fileRef = 83AAA071 /* AudioWaveView.swift */; };
/* End PBXBuildFile section */

/* Begin PBXFileReference section */
		83AAA011 /* AppDelegate.swift */ = {isa = PBXFileReference; lastKnownFileType = sourcecode.swift; path = AppDelegate.swift; sourceTree = "<group>"; };
		83AAA012 /* MenuBarController.swift */ = {isa = PBXFileReference; lastKnownFileType = sourcecode.swift; path = MenuBarController.swift; sourceTree = "<group>"; };
		83AAA013 /* Settings.swift */ = {isa = PBXFileReference; lastKnownFileType = sourcecode.swift; path = Settings.swift; sourceTree = "<group>"; };
		83AAA014 /* Info.plist */ = {isa = PBXFileReference; lastKnownFileType = text.plist.xml; path = Info.plist; sourceTree = "<group>"; };
		83AAA015 /* Sten.entitlements */ = {isa = PBXFileReference; lastKnownFileType = text.plist.entitlements; path = Sten.entitlements; sourceTree = "<group>"; };
		83AAA016 /* Sten.app */ = {isa = PBXFileReference; explicitFileType = wrapper.application; includeInIndex = 0; path = Sten.app; sourceTree = BUILT_PRODUCTS_DIR; };
		83AAA017 /* main.swift */ = {isa = PBXFileReference; lastKnownFileType = sourcecode.swift; path = main.swift; sourceTree = "<group>"; };
		83AAA018 /* Utils.swift */ = {isa = PBXFileReference; lastKnownFileType = sourcecode.swift; path = Utils.swift; sourceTree = "<group>"; };
		83AAA019 /* HotkeyPanel.swift */ = {isa = PBXFileReference; lastKnownFileType = sourcecode.swift; path = HotkeyPanel.swift; sourceTree = "<group>"; };
		83AAA01A /* ConfirmPanel.swift */ = {isa = PBXFileReference; lastKnownFileType = sourcecode.swift; path = ConfirmPanel.swift; sourceTree = "<group>"; };
		83AAA01B /* AudioRecorder.swift */ = {isa = PBXFileReference; lastKnownFileType = sourcecode.swift; path = AudioRecorder.swift; sourceTree = "<group>"; };
		83AAA01C /* HotkeyManager.swift */ = {isa = PBXFileReference; lastKnownFileType = sourcecode.swift; path = HotkeyManager.swift; sourceTree = "<group>"; };
		83AAA01D /* TextInjector.swift */ = {isa = PBXFileReference; lastKnownFileType = sourcecode.swift; path = TextInjector.swift; sourceTree = "<group>"; };
		83AAA01E /* TranscriptionEngine.swift */ = {isa = PBXFileReference; lastKnownFileType = sourcecode.swift; path = TranscriptionEngine.swift; sourceTree = "<group>"; };
		83AAA01F /* OnboardingPanel.swift */ = {isa = PBXFileReference; lastKnownFileType = sourcecode.swift; path = OnboardingPanel.swift; sourceTree = "<group>"; };
		83AAA070 /* ListeningPanel.swift */ = {isa = PBXFileReference; lastKnownFileType = sourcecode.swift; path = ListeningPanel.swift; sourceTree = "<group>"; };
		83AAA071 /* AudioWaveView.swift */ = {isa = PBXFileReference; lastKnownFileType = sourcecode.swift; path = AudioWaveView.swift; sourceTree = "<group>"; };
/* End PBXFileReference section */

/* Begin PBXFrameworksBuildPhase section */
		83AAA020 /* Frameworks */ = {
			isa = PBXFrameworksBuildPhase;
			buildActionMask = 2147483647;
			files = (
			);
			runOnlyForDeploymentPostprocessing = 0;
		};
/* End PBXFrameworksBuildPhase section */

/* Begin PBXGroup section */
		83AAA030 = {
			isa = PBXGroup;
			children = (
				83AAA031 /* Sten */,
				83AAA032 /* Products */,
			);
			sourceTree = "<group>";
		};
		83AAA031 /* Sten */ = {
			isa = PBXGroup;
			children = (
				83AAA017 /* main.swift */,
				83AAA011 /* AppDelegate.swift */,
				83AAA012 /* MenuBarController.swift */,
				83AAA013 /* Settings.swift */,
				83AAA018 /* Utils.swift */,
				83AAA019 /* HotkeyPanel.swift */,
				83AAA01A /* ConfirmPanel.swift */,
				83AAA01B /* AudioRecorder.swift */,
				83AAA01C /* HotkeyManager.swift */,
				83AAA01D /* TextInjector.swift */,
				83AAA01E /* TranscriptionEngine.swift */,
				83AAA01F /* OnboardingPanel.swift */,
				83AAA070 /* ListeningPanel.swift */,
				83AAA071 /* AudioWaveView.swift */,
				83AAA014 /* Info.plist */,
				83AAA015 /* Sten.entitlements */,
			);
			path = Sten;
			sourceTree = "<group>";
		};
		83AAA032 /* Products */ = {
			isa = PBXGroup;
			children = (
				83AAA016 /* Sten.app */,
			);
			name = Products;
			sourceTree = "<group>";
		};
/* End PBXGroup section */

/* Begin PBXNativeTarget section */
		83AAA040 /* Sten */ = {
			isa = PBXNativeTarget;
			buildConfigurationList = 83AAA060 /* Build configuration list for PBXNativeTarget "Sten" */;
			buildPhases = (
				83AAA041 /* Sources */,
				83AAA020 /* Frameworks */,
				83AAA042 /* Resources */,
			);
			buildRules = (
			);
			dependencies = (
			);
			name = Sten;
			productName = Sten;
			productReference = 83AAA016 /* Sten.app */;
			productType = "com.apple.product-type.application";
		};
/* End PBXNativeTarget section */

/* Begin PBXProject section */
		83AAA050 /* Project object */ = {
			isa = PBXProject;
			attributes = {
				BuildIndependentTargetsInParallel = 1;
				LastSwiftUpdateCheck = 1500;
				LastUpgradeCheck = 1500;
				TargetAttributes = {
					83AAA040 = {
						CreatedOnToolsVersion = 15.0;
					};
				};
			};
			buildConfigurationList = 83AAA051 /* Build configuration list for PBXProject "Sten" */;
			compatibilityVersion = "Xcode 14.0";
			developmentRegion = en;
			hasScannedForEncodings = 0;
			knownRegions = (
				en,
				Base,
			);
			mainGroup = 83AAA030;
			productRefGroup = 83AAA032 /* Products */;
			projectDirPath = "";
			projectRoot = "";
			targets = (
				83AAA040 /* Sten */,
			);
		};
/* End PBXProject section */

/* Begin PBXResourcesBuildPhase section */
		83AAA042 /* Resources */ = {
			isa = PBXResourcesBuildPhase;
			buildActionMask = 2147483647;
			files = (
			);
			runOnlyForDeploymentPostprocessing = 0;
		};
/* End PBXResourcesBuildPhase section */

/* Begin PBXSourcesBuildPhase section */
		83AAA041 /* Sources */ = {
			isa = PBXSourcesBuildPhase;
			buildActionMask = 2147483647;
			files = (
				83AAA004 /* main.swift in Sources */,
				83AAA001 /* AppDelegate.swift in Sources */,
				83AAA002 /* MenuBarController.swift in Sources */,
				83AAA003 /* Settings.swift in Sources */,
				83AAA005 /* Utils.swift in Sources */,
				83AAA006 /* HotkeyPanel.swift in Sources */,
				83AAA007 /* ConfirmPanel.swift in Sources */,
				83AAA008 /* AudioRecorder.swift in Sources */,
				83AAA009 /* HotkeyManager.swift in Sources */,
				83AAA00A /* TextInjector.swift in Sources */,
				83AAA00B /* TranscriptionEngine.swift in Sources */,
				83AAA00C /* OnboardingPanel.swift in Sources */,
				83AAA00D /* ListeningPanel.swift in Sources */,
				83AAA00E /* AudioWaveView.swift in Sources */,
			);
			runOnlyForDeploymentPostprocessing = 0;
		};
/* End PBXSourcesBuildPhase section */

/* Begin XCBuildConfiguration section */
		83AAA052 /* Debug */ = {
			isa = XCBuildConfiguration;
			buildSettings = {
				ALWAYS_SEARCH_USER_PATHS = NO;
				ARCHS = arm64;
				CLANG_ENABLE_MODULES = YES;
				CLANG_ENABLE_OBJC_ARC = YES;
				COPY_PHASE_STRIP = NO;
				DEBUG_INFORMATION_FORMAT = dwarf;
				ENABLE_STRICT_OBJC_MSGSEND = YES;
				ENABLE_TESTABILITY = YES;
				GCC_OPTIMIZATION_LEVEL = 0;
				GCC_PREPROCESSOR_DEFINITIONS = (
					"DEBUG=1",
					"$(inherited)",
				);
				MACOSX_DEPLOYMENT_TARGET = 13.0;
				MTL_ENABLE_DEBUG_INFO = INCLUDE_SOURCE;
				MTL_FAST_MATH = YES;
				ONLY_ACTIVE_ARCH = YES;
				SDKROOT = macosx;
				SWIFT_ACTIVE_COMPILATION_CONDITIONS = "DEBUG $(inherited)";
				SWIFT_OPTIMIZATION_LEVEL = "-Onone";
				SWIFT_VERSION = 5.0;
			};
			name = Debug;
		};
		83AAA053 /* Release */ = {
			isa = XCBuildConfiguration;
			buildSettings = {
				ALWAYS_SEARCH_USER_PATHS = NO;
				ARCHS = arm64;
				CLANG_ENABLE_MODULES = YES;
				CLANG_ENABLE_OBJC_ARC = YES;
				COPY_PHASE_STRIP = NO;
				DEBUG_INFORMATION_FORMAT = "dwarf-with-dsym";
				ENABLE_NS_ASSERTIONS = NO;
				ENABLE_STRICT_OBJC_MSGSEND = YES;
				MACOSX_DEPLOYMENT_TARGET = 13.0;
				MTL_ENABLE_DEBUG_INFO = NO;
				MTL_FAST_MATH = YES;
				SDKROOT = macosx;
				SWIFT_COMPILATION_MODE = wholemodule;
				SWIFT_OPTIMIZATION_LEVEL = "-O";
				SWIFT_VERSION = 5.0;
			};
			name = Release;
		};
		83AAA061 /* Debug */ = {
			isa = XCBuildConfiguration;
			buildSettings = {
				CODE_SIGN_ENTITLEMENTS = Sten/Sten.entitlements;
				CODE_SIGN_STYLE = Automatic;
				COMBINE_HIDPI_IMAGES = YES;
				CURRENT_PROJECT_VERSION = 1;
				GENERATE_INFOPLIST_FILE = YES;
				INFOPLIST_FILE = Sten/Info.plist;
				INFOPLIST_KEY_NSPrincipalClass = NSApplication;
				LD_RUNPATH_SEARCH_PATHS = (
					"$(inherited)",
					"@executable_path/../Frameworks",
				);
				MARKETING_VERSION = 1.11;
				PRODUCT_BUNDLE_IDENTIFIER = studio.vlad.sten;
				PRODUCT_NAME = "$(TARGET_NAME)";
				SWIFT_EMIT_LOC_STRINGS = YES;
				SWIFT_VERSION = 5.0;
			};
			name = Debug;
		};
		83AAA062 /* Release */ = {
			isa = XCBuildConfiguration;
			buildSettings = {
				CODE_SIGN_ENTITLEMENTS = Sten/Sten.entitlements;
				CODE_SIGN_STYLE = Automatic;
				COMBINE_HIDPI_IMAGES = YES;
				CURRENT_PROJECT_VERSION = 1;
				GENERATE_INFOPLIST_FILE = YES;
				INFOPLIST_FILE = Sten/Info.plist;
				INFOPLIST_KEY_NSPrincipalClass = NSApplication;
				LD_RUNPATH_SEARCH_PATHS = (
					"$(inherited)",
					"@executable_path/../Frameworks",
				);
				MARKETING_VERSION = 1.11;
				PRODUCT_BUNDLE_IDENTIFIER = studio.vlad.sten;
				PRODUCT_NAME = "$(TARGET_NAME)";
				SWIFT_EMIT_LOC_STRINGS = YES;
				SWIFT_VERSION = 5.0;
			};
			name = Release;
		};
/* End XCBuildConfiguration section */

/* Begin XCConfigurationList section */
		83AAA051 /* Build configuration list for PBXProject "Sten" */ = {
			isa = XCConfigurationList;
			buildConfigurations = (
				83AAA052 /* Debug */,
				83AAA053 /* Release */,
			);
			defaultConfigurationIsVisible = 0;
			defaultConfigurationName = Release;
		};
		83AAA060 /* Build configuration list for PBXNativeTarget "Sten" */ = {
			isa = XCConfigurationList;
			buildConfigurations = (
				83AAA061 /* Debug */,
				83AAA062 /* Release */,
			);
			defaultConfigurationIsVisible = 0;
			defaultConfigurationName = Release;
		};
/* End XCConfigurationList section */

	};
	rootObject = 83AAA050 /* Project object */;
}
